
Microsoft Visual Studio Solution File, Format Version 12.00
# Visual Studio Version 17
VisualStudioVersion = 17.9.34728.123
MinimumVisualStudioVersion = 10.0.40219.1
Project("{FAE04EC0-301F-11D3-BF4B-00C04F79EFBC}") = "Zachary Renyhart Assignment 2.3.2", "Zachary Renyhart Assignment 2.3.2.csproj", "{E322A7EA-5345-429D-AF2B-388D3275D75E}"
EndProject
Global
	GlobalSection(SolutionConfigurationPlatforms) = preSolution
		Debug|Any CPU = Debug|Any CPU
		Release|Any CPU = Release|Any CPU
	EndGlobalSection
	GlobalSection(ProjectConfigurationPlatforms) = postSolution
		{E322A7EA-5345-429D-AF2B-388D3275D75E}.Debug|Any CPU.ActiveCfg = Debug|Any CPU
		{E322A7EA-5345-429D-AF2B-388D3275D75E}.Debug|Any CPU.Build.0 = Debug|Any CPU
		{E322A7EA-5345-429D-AF2B-388D3275D75E}.Release|Any CPU.ActiveCfg = Release|Any CPU
		{E322A7EA-5345-429D-AF2B-388D3275D75E}.Release|Any CPU.Build.0 = Release|Any CPU
	EndGlobalSection
	GlobalSection(SolutionProperties) = preSolution
		HideSolutionNode = FALSE
	EndGlobalSection
	GlobalSection(ExtensibilityGlobals) = postSolution
		SolutionGuid = {A746D7C9-1A48-41DE-8868-2BBDEDAF22D0}
	EndGlobalSection
EndGlobal
